
Microsoft Visual Studio Solution File, Format Version 11.00
# Visual Studio 2010
Project("{FAE04EC0-301F-11D3-BF4B-00C04F79EFBC}") = "WordFun", "WordFun\WordFun.csproj", "{61F800FD-9F65-465A-88F5-DEB550BE7CCB}"
EndProject
Project("{FAE04EC0-301F-11D3-BF4B-00C04F79EFBC}") = "WordFunLibrary", "WordFunLibrary\WordFunLibrary.csproj", "{6C517E3A-E403-4FAF-A0E0-6BBFF79C8E59}"
EndProject
Project("{FAE04EC0-301F-11D3-BF4B-00C04F79EFBC}") = "WordFunService", "WordFunService\WordFunService.csproj", "{74C500D0-2758-4379-9BE5-7AD9C326C295}"
EndProject
Global
	GlobalSection(SolutionConfigurationPlatforms) = preSolution
		Debug|Any CPU = Debug|Any CPU
		Debug|Mixed Platforms = Debug|Mixed Platforms
		Debug|x86 = Debug|x86
		Release|Any CPU = Release|Any CPU
		Release|Mixed Platforms = Release|Mixed Platforms
		Release|x86 = Release|x86
	EndGlobalSection
	GlobalSection(ProjectConfigurationPlatforms) = postSolution
		{61F800FD-9F65-465A-88F5-DEB550BE7CCB}.Debug|Any CPU.ActiveCfg = Debug|x86
		{61F800FD-9F65-465A-88F5-DEB550BE7CCB}.Debug|Mixed Platforms.ActiveCfg = Debug|x86
		{61F800FD-9F65-465A-88F5-DEB550BE7CCB}.Debug|Mixed Platforms.Build.0 = Debug|x86
		{61F800FD-9F65-465A-88F5-DEB550BE7CCB}.Debug|x86.ActiveCfg = Debug|x86
		{61F800FD-9F65-465A-88F5-DEB550BE7CCB}.Debug|x86.Build.0 = Debug|x86
		{61F800FD-9F65-465A-88F5-DEB550BE7CCB}.Release|Any CPU.ActiveCfg = Release|x86
		{61F800FD-9F65-465A-88F5-DEB550BE7CCB}.Release|Mixed Platforms.ActiveCfg = Release|x86
		{61F800FD-9F65-465A-88F5-DEB550BE7CCB}.Release|Mixed Platforms.Build.0 = Release|x86
		{61F800FD-9F65-465A-88F5-DEB550BE7CCB}.Release|x86.ActiveCfg = Release|x86
		{61F800FD-9F65-465A-88F5-DEB550BE7CCB}.Release|x86.Build.0 = Release|x86
		{6C517E3A-E403-4FAF-A0E0-6BBFF79C8E59}.Debug|Any CPU.ActiveCfg = Debug|Any CPU
		{6C517E3A-E403-4FAF-A0E0-6BBFF79C8E59}.Debug|Any CPU.Build.0 = Debug|Any CPU
		{6C517E3A-E403-4FAF-A0E0-6BBFF79C8E59}.Debug|Mixed Platforms.ActiveCfg = Debug|Any CPU
		{6C517E3A-E403-4FAF-A0E0-6BBFF79C8E59}.Debug|Mixed Platforms.Build.0 = Debug|Any CPU
		{6C517E3A-E403-4FAF-A0E0-6BBFF79C8E59}.Debug|x86.ActiveCfg = Debug|Any CPU
		{6C517E3A-E403-4FAF-A0E0-6BBFF79C8E59}.Release|Any CPU.ActiveCfg = Release|Any CPU
		{6C517E3A-E403-4FAF-A0E0-6BBFF79C8E59}.Release|Any CPU.Build.0 = Release|Any CPU
		{6C517E3A-E403-4FAF-A0E0-6BBFF79C8E59}.Release|Mixed Platforms.ActiveCfg = Release|Any CPU
		{6C517E3A-E403-4FAF-A0E0-6BBFF79C8E59}.Release|Mixed Platforms.Build.0 = Release|Any CPU
		{6C517E3A-E403-4FAF-A0E0-6BBFF79C8E59}.Release|x86.ActiveCfg = Release|Any CPU
		{74C500D0-2758-4379-9BE5-7AD9C326C295}.Debug|Any CPU.ActiveCfg = Debug|x86
		{74C500D0-2758-4379-9BE5-7AD9C326C295}.Debug|Mixed Platforms.ActiveCfg = Debug|x86
		{74C500D0-2758-4379-9BE5-7AD9C326C295}.Debug|Mixed Platforms.Build.0 = Debug|x86
		{74C500D0-2758-4379-9BE5-7AD9C326C295}.Debug|x86.ActiveCfg = Debug|x86
		{74C500D0-2758-4379-9BE5-7AD9C326C295}.Debug|x86.Build.0 = Debug|x86
		{74C500D0-2758-4379-9BE5-7AD9C326C295}.Release|Any CPU.ActiveCfg = Release|x86
		{74C500D0-2758-4379-9BE5-7AD9C326C295}.Release|Mixed Platforms.ActiveCfg = Release|x86
		{74C500D0-2758-4379-9BE5-7AD9C326C295}.Release|Mixed Platforms.Build.0 = Release|x86
		{74C500D0-2758-4379-9BE5-7AD9C326C295}.Release|x86.ActiveCfg = Release|x86
		{74C500D0-2758-4379-9BE5-7AD9C326C295}.Release|x86.Build.0 = Release|x86
	EndGlobalSection
	GlobalSection(SolutionProperties) = preSolution
		HideSolutionNode = FALSE
	EndGlobalSection
EndGlobal
